
Microsoft Visual Studio Solution File, Format Version 12.00
# Visual Studio Version 16
VisualStudioVersion = 16.0.31911.196
MinimumVisualStudioVersion = 10.0.40219.1
Project("{FAE04EC0-301F-11D3-BF4B-00C04F79EFBC}") = "Manipulacion_de_datos_LINQ", "Manipulacion_de_datos_LINQ\Manipulacion_de_datos_LINQ.csproj", "{AB61808B-989B-4C05-81FB-F1265FB8C61A}"
EndProject
Global
	GlobalSection(SolutionConfigurationPlatforms) = preSolution
		Debug|Any CPU = Debug|Any CPU
		Release|Any CPU = Release|Any CPU
	EndGlobalSection
	GlobalSection(ProjectConfigurationPlatforms) = postSolution
		{AB61808B-989B-4C05-81FB-F1265FB8C61A}.Debug|Any CPU.ActiveCfg = Debug|Any CPU
		{AB61808B-989B-4C05-81FB-F1265FB8C61A}.Debug|Any CPU.Build.0 = Debug|Any CPU
		{AB61808B-989B-4C05-81FB-F1265FB8C61A}.Release|Any CPU.ActiveCfg = Release|Any CPU
		{AB61808B-989B-4C05-81FB-F1265FB8C61A}.Release|Any CPU.Build.0 = Release|Any CPU
	EndGlobalSection
	GlobalSection(SolutionProperties) = preSolution
		HideSolutionNode = FALSE
	EndGlobalSection
	GlobalSection(ExtensibilityGlobals) = postSolution
		SolutionGuid = {EA5EFFB0-587F-4BE8-A608-F395295A9839}
	EndGlobalSection
EndGlobal
